// !$*UTF8*$!
{
	archiveVersion = 1;
	classes = {
	};
	objectVersion = 48;
	objects = {

/* Begin PBXBuildFile section */
		EC57CA9720204DD700540BD1 /* AppDelegate.swift in Sources */ = {isa = PBXBuildFile; fileRef = EC57CA9620204DD700540BD1 /* AppDelegate.swift */; };
		EC57CA9920204DD700540BD1 /* ViewController.swift in Sources */ = {isa = PBXBuildFile; fileRef = EC57CA9820204DD700540BD1 /* ViewController.swift */; };
		EC57CA9C20204DD700540BD1 /* Main.storyboard in Resources */ = {isa = PBXBuildFile; fileRef = EC57CA9A20204DD700540BD1 /* Main.storyboard */; };
		EC57CA9E20204DD700540BD1 /* Assets.xcassets in Resources */ = {isa = PBXBuildFile; fileRef = EC57CA9D20204DD700540BD1 /* Assets.xcassets */; };
		EC57CAA120204DD700540BD1 /* LaunchScreen.storyboard in Resources */ = {isa = PBXBuildFile; fileRef = EC57CA9F20204DD700540BD1 /* LaunchScreen.storyboard */; };
		EC57CAAC20204DD800540BD1 /* VisualEffectViewTests.swift in Sources */ = {isa = PBXBuildFile; fileRef = EC57CAAB20204DD800540BD1 /* VisualEffectViewTests.swift */; };
		EC57CAB720204DD800540BD1 /* VisualEffectViewUITests.swift in Sources */ = {isa = PBXBuildFile; fileRef = EC57CAB620204DD800540BD1 /* VisualEffectViewUITests.swift */; };
		EC57CAC520204DF200540BD1 /* blur.png in Resources */ = {isa = PBXBuildFile; fileRef = EC57CAC420204DF100540BD1 /* blur.png */; };
/* End PBXBuildFile section */

/* Begin PBXContainerItemProxy section */
		EC57CAA820204DD800540BD1 /* PBXContainerItemProxy */ = {
			isa = PBXContainerItemProxy;
			containerPortal = EC57CA8B20204DD700540BD1 /* Project object */;
			proxyType = 1;
			remoteGlobalIDString = EC57CA9220204DD700540BD1;
			remoteInfo = VisualEffectView;
		};
		EC57CAB320204DD800540BD1 /* PBXContainerItemProxy */ = {
			isa = PBXContainerItemProxy;
			containerPortal = EC57CA8B20204DD700540BD1 /* Project object */;
			proxyType = 1;
			remoteGlobalIDString = EC57CA9220204DD700540BD1;
			remoteInfo = VisualEffectView;
		};
/* End PBXContainerItemProxy section */

/* Begin PBXFileReference section */
		EC57CA9320204DD700540BD1 /* VisualEffectView.app */ = {isa = PBXFileReference; explicitFileType = wrapper.application; includeInIndex = 0; path = VisualEffectView.app; sourceTree = BUILT_PRODUCTS_DIR; };
		EC57CA9620204DD700540BD1 /* AppDelegate.swift */ = {isa = PBXFileReference; lastKnownFileType = sourcecode.swift; path = AppDelegate.swift; sourceTree = "<group>"; };
		EC57CA9820204DD700540BD1 /* ViewController.swift */ = {isa = PBXFileReference; lastKnownFileType = sourcecode.swift; path = ViewController.swift; sourceTree = "<group>"; };
		EC57CA9B20204DD700540BD1 /* Base */ = {isa = PBXFileReference; lastKnownFileType = file.storyboard; name = Base; path = Base.lproj/Main.storyboard; sourceTree = "<group>"; };
		EC57CA9D20204DD700540BD1 /* Assets.xcassets */ = {isa = PBXFileReference; lastKnownFileType = folder.assetcatalog; path = Assets.xcassets; sourceTree = "<group>"; };
		EC57CAA020204DD700540BD1 /* Base */ = {isa = PBXFileReference; lastKnownFileType = file.storyboard; name = Base; path = Base.lproj/LaunchScreen.storyboard; sourceTree = "<group>"; };
		EC57CAA220204DD700540BD1 /* Info.plist */ = {isa = PBXFileReference; lastKnownFileType = text.plist.xml; path = Info.plist; sourceTree = "<group>"; };
		EC57CAA720204DD800540BD1 /* VisualEffectViewTests.xctest */ = {isa = PBXFileReference; explicitFileType = wrapper.cfbundle; includeInIndex = 0; path = VisualEffectViewTests.xctest; sourceTree = BUILT_PRODUCTS_DIR; };
		EC57CAAB20204DD800540BD1 /* VisualEffectViewTests.swift */ = {isa = PBXFileReference; lastKnownFileType = sourcecode.swift; path = VisualEffectViewTests.swift; sourceTree = "<group>"; };
		EC57CAAD20204DD800540BD1 /* Info.plist */ = {isa = PBXFileReference; lastKnownFileType = text.plist.xml; path = Info.plist; sourceTree = "<group>"; };
		EC57CAB220204DD800540BD1 /* VisualEffectViewUITests.xctest */ = {isa = PBXFileReference; explicitFileType = wrapper.cfbundle; includeInIndex = 0; path = VisualEffectViewUITests.xctest; sourceTree = BUILT_PRODUCTS_DIR; };
		EC57CAB620204DD800540BD1 /* VisualEffectViewUITests.swift */ = {isa = PBXFileReference; lastKnownFileType = sourcecode.swift; path = VisualEffectViewUITests.swift; sourceTree = "<group>"; };
		EC57CAB820204DD800540BD1 /* Info.plist */ = {isa = PBXFileReference; lastKnownFileType = text.plist.xml; path = Info.plist; sourceTree = "<group>"; };
		EC57CAC420204DF100540BD1 /* blur.png */ = {isa = PBXFileReference; lastKnownFileType = image.png; path = blur.png; sourceTree = "<group>"; };
/* End PBXFileReference section */

/* Begin PBXFrameworksBuildPhase section */
		EC57CA9020204DD700540BD1 /* Frameworks */ = {
			isa = PBXFrameworksBuildPhase;
			buildActionMask = 2147483647;
			files = (
			);
			runOnlyForDeploymentPostprocessing = 0;
		};
		EC57CAA420204DD800540BD1 /* Frameworks */ = {
			isa = PBXFrameworksBuildPhase;
			buildActionMask = 2147483647;
			files = (
			);
			runOnlyForDeploymentPostprocessing = 0;
		};
		EC57CAAF20204DD800540BD1 /* Frameworks */ = {
			isa = PBXFrameworksBuildPhase;
			buildActionMask = 2147483647;
			files = (
			);
			runOnlyForDeploymentPostprocessing = 0;
		};
/* End PBXFrameworksBuildPhase section */

/* Begin PBXGroup section */
		EC57CA8A20204DD700540BD1 = {
			isa = PBXGroup;
			children = (
				EC57CA9520204DD700540BD1 /* VisualEffectView */,
				EC57CAAA20204DD800540BD1 /* VisualEffectViewTests */,
				EC57CAB520204DD800540BD1 /* VisualEffectViewUITests */,
				EC57CA9420204DD700540BD1 /* Products */,
			);
			sourceTree = "<group>";
		};
		EC57CA9420204DD700540BD1 /* Products */ = {
			isa = PBXGroup;
			children = (
				EC57CA9320204DD700540BD1 /* VisualEffectView.app */,
				EC57CAA720204DD800540BD1 /* VisualEffectViewTests.xctest */,
				EC57CAB220204DD800540BD1 /* VisualEffectViewUITests.xctest */,
			);
			name = Products;
			sourceTree = "<group>";
		};
		EC57CA9520204DD700540BD1 /* VisualEffectView */ = {
			isa = PBXGroup;
			children = (
				EC57CAC420204DF100540BD1 /* blur.png */,
				EC57CA9620204DD700540BD1 /* AppDelegate.swift */,
				EC57CA9820204DD700540BD1 /* ViewController.swift */,
				EC57CA9A20204DD700540BD1 /* Main.storyboard */,
				EC57CA9D20204DD700540BD1 /* Assets.xcassets */,
				EC57CA9F20204DD700540BD1 /* LaunchScreen.storyboard */,
				EC57CAA220204DD700540BD1 /* Info.plist */,
			);
			path = VisualEffectView;
			sourceTree = "<group>";
		};
		EC57CAAA20204DD800540BD1 /* VisualEffectViewTests */ = {
			isa = PBXGroup;
			children = (
				EC57CAAB20204DD800540BD1 /* VisualEffectViewTests.swift */,
				EC57CAAD20204DD800540BD1 /* Info.plist */,
			);
			path = VisualEffectViewTests;
			sourceTree = "<group>";
		};
		EC57CAB520204DD800540BD1 /* VisualEffectViewUITests */ = {
			isa = PBXGroup;
			children = (
				EC57CAB620204DD800540BD1 /* VisualEffectViewUITests.swift */,
				EC57CAB820204DD800540BD1 /* Info.plist */,
			);
			path = VisualEffectViewUITests;
			sourceTree = "<group>";
		};
/* End PBXGroup section */

/* Begin PBXNativeTarget section */
		EC57CA9220204DD700540BD1 /* VisualEffectView */ = {
			isa = PBXNativeTarget;
			buildConfigurationList = EC57CABB20204DD800540BD1 /* Build configuration list for PBXNativeTarget "VisualEffectView" */;
			buildPhases = (
				EC57CA8F20204DD700540BD1 /* Sources */,
				EC57CA9020204DD700540BD1 /* Frameworks */,
				EC57CA9120204DD700540BD1 /* Resources */,
			);
			buildRules = (
			);
			dependencies = (
			);
			name = VisualEffectView;
			productName = VisualEffectView;
			productReference = EC57CA9320204DD700540BD1 /* VisualEffectView.app */;
			productType = "com.apple.product-type.application";
		};
		EC57CAA620204DD800540BD1 /* VisualEffectViewTests */ = {
			isa = PBXNativeTarget;
			buildConfigurationList = EC57CABE20204DD800540BD1 /* Build configuration list for PBXNativeTarget "VisualEffectViewTests" */;
			buildPhases = (
				EC57CAA320204DD800540BD1 /* Sources */,
				EC57CAA420204DD800540BD1 /* Frameworks */,
				EC57CAA520204DD800540BD1 /* Resources */,
			);
			buildRules = (
			);
			dependencies = (
				EC57CAA920204DD800540BD1 /* PBXTargetDependency */,
			);
			name = VisualEffectViewTests;
			productName = VisualEffectViewTests;
			productReference = EC57CAA720204DD800540BD1 /* VisualEffectViewTests.xctest */;
			productType = "com.apple.product-type.bundle.unit-test";
		};
		EC57CAB120204DD800540BD1 /* VisualEffectViewUITests */ = {
			isa = PBXNativeTarget;
			buildConfigurationList = EC57CAC120204DD800540BD1 /* Build configuration list for PBXNativeTarget "VisualEffectViewUITests" */;
			buildPhases = (
				EC57CAAE20204DD800540BD1 /* Sources */,
				EC57CAAF20204DD800540BD1 /* Frameworks */,
				EC57CAB020204DD800540BD1 /* Resources */,
			);
			buildRules = (
			);
			dependencies = (
				EC57CAB420204DD800540BD1 /* PBXTargetDependency */,
			);
			name = VisualEffectViewUITests;
			productName = VisualEffectViewUITests;
			productReference = EC57CAB220204DD800540BD1 /* VisualEffectViewUITests.xctest */;
			productType = "com.apple.product-type.bundle.ui-testing";
		};
/* End PBXNativeTarget section */

/* Begin PBXProject section */
		EC57CA8B20204DD700540BD1 /* Project object */ = {
			isa = PBXProject;
			attributes = {
				LastSwiftUpdateCheck = 0920;
				LastUpgradeCheck = 0920;
				ORGANIZATIONNAME = GujyHy;
				TargetAttributes = {
					EC57CA9220204DD700540BD1 = {
						CreatedOnToolsVersion = 9.2;
						ProvisioningStyle = Automatic;
					};
					EC57CAA620204DD800540BD1 = {
						CreatedOnToolsVersion = 9.2;
						ProvisioningStyle = Automatic;
						TestTargetID = EC57CA9220204DD700540BD1;
					};
					EC57CAB120204DD800540BD1 = {
						CreatedOnToolsVersion = 9.2;
						ProvisioningStyle = Automatic;
						TestTargetID = EC57CA9220204DD700540BD1;
					};
				};
			};
			buildConfigurationList = EC57CA8E20204DD700540BD1 /* Build configuration list for PBXProject "VisualEffectView" */;
			compatibilityVersion = "Xcode 8.0";
			developmentRegion = en;
			hasScannedForEncodings = 0;
			knownRegions = (
				en,
				Base,
			);
			mainGroup = EC57CA8A20204DD700540BD1;
			productRefGroup = EC57CA9420204DD700540BD1 /* Products */;
			projectDirPath = "";
			projectRoot = "";
			targets = (
				EC57CA9220204DD700540BD1 /* VisualEffectView */,
				EC57CAA620204DD800540BD1 /* VisualEffectViewTests */,
				EC57CAB120204DD800540BD1 /* VisualEffectViewUITests */,
			);
		};
/* End PBXProject section */

/* Begin PBXResourcesBuildPhase section */
		EC57CA9120204DD700540BD1 /* Resources */ = {
			isa = PBXResourcesBuildPhase;
			buildActionMask = 2147483647;
			files = (
				EC57CAC520204DF200540BD1 /* blur.png in Resources */,
				EC57CAA120204DD700540BD1 /* LaunchScreen.storyboard in Resources */,
				EC57CA9E20204DD700540BD1 /* Assets.xcassets in Resources */,
				EC57CA9C20204DD700540BD1 /* Main.storyboard in Resources */,
			);
			runOnlyForDeploymentPostprocessing = 0;
		};
		EC57CAA520204DD800540BD1 /* Resources */ = {
			isa = PBXResourcesBuildPhase;
			buildActionMask = 2147483647;
			files = (
			);
			runOnlyForDeploymentPostprocessing = 0;
		};
		EC57CAB020204DD800540BD1 /* Resources */ = {
			isa = PBXResourcesBuildPhase;
			buildActionMask = 2147483647;
			files = (
			);
			runOnlyForDeploymentPostprocessing = 0;
		};
/* End PBXResourcesBuildPhase section */

/* Begin PBXSourcesBuildPhase section */
		EC57CA8F20204DD700540BD1 /* Sources */ = {
			isa = PBXSourcesBuildPhase;
			buildActionMask = 2147483647;
			files = (
				EC57CA9920204DD700540BD1 /* ViewController.swift in Sources */,
				EC57CA9720204DD700540BD1 /* AppDelegate.swift in Sources */,
			);
			runOnlyForDeploymentPostprocessing = 0;
		};
		EC57CAA320204DD800540BD1 /* Sources */ = {
			isa = PBXSourcesBuildPhase;
			buildActionMask = 2147483647;
			files = (
				EC57CAAC20204DD800540BD1 /* VisualEffectViewTests.swift in Sources */,
			);
			runOnlyForDeploymentPostprocessing = 0;
		};
		EC57CAAE20204DD800540BD1 /* Sources */ = {
			isa = PBXSourcesBuildPhase;
			buildActionMask = 2147483647;
			files = (
				EC57CAB720204DD800540BD1 /* VisualEffectViewUITests.swift in Sources */,
			);
			runOnlyForDeploymentPostprocessing = 0;
		};
/* End PBXSourcesBuildPhase section */

/* Begin PBXTargetDependency section */
		EC57CAA920204DD800540BD1 /* PBXTargetDependency */ = {
			isa = PBXTargetDependency;
			target = EC57CA9220204DD700540BD1 /* VisualEffectView */;
			targetProxy = EC57CAA820204DD800540BD1 /* PBXContainerItemProxy */;
		};
		EC57CAB420204DD800540BD1 /* PBXTargetDependency */ = {
			isa = PBXTargetDependency;
			target = EC57CA9220204DD700540BD1 /* VisualEffectView */;
			targetProxy = EC57CAB320204DD800540BD1 /* PBXContainerItemProxy */;
		};
/* End PBXTargetDependency section */

/* Begin PBXVariantGroup section */
		EC57CA9A20204DD700540BD1 /* Main.storyboard */ = {
			isa = PBXVariantGroup;
			children = (
				EC57CA9B20204DD700540BD1 /* Base */,
			);
			name = Main.storyboard;
			sourceTree = "<group>";
		};
		EC57CA9F20204DD700540BD1 /* LaunchScreen.storyboard */ = {
			isa = PBXVariantGroup;
			children = (
				EC57CAA020204DD700540BD1 /* Base */,
			);
			name = LaunchScreen.storyboard;
			sourceTree = "<group>";
		};
/* End PBXVariantGroup section */

/* Begin XCBuildConfiguration section */
		EC57CAB920204DD800540BD1 /* Debug */ = {
			isa = XCBuildConfiguration;
			buildSettings = {
				ALWAYS_SEARCH_USER_PATHS = NO;
				CLANG_ANALYZER_NONNULL = YES;
				CLANG_ANALYZER_NUMBER_OBJECT_CONVERSION = YES_AGGRESSIVE;
				CLANG_CXX_LANGUAGE_STANDARD = "gnu++14";
				CLANG_CXX_LIBRARY = "libc++";
				CLANG_ENABLE_MODULES = YES;
				CLANG_ENABLE_OBJC_ARC = YES;
				CLANG_WARN_BLOCK_CAPTURE_AUTORELEASING = YES;
				CLANG_WARN_BOOL_CONVERSION = YES;
				CLANG_WARN_COMMA = YES;
				CLANG_WARN_CONSTANT_CONVERSION = YES;
				CLANG_WARN_DIRECT_OBJC_ISA_USAGE = YES_ERROR;
				CLANG_WARN_DOCUMENTATION_COMMENTS = YES;
				CLANG_WARN_EMPTY_BODY = YES;
				CLANG_WARN_ENUM_CONVERSION = YES;
				CLANG_WARN_INFINITE_RECURSION = YES;
				CLANG_WARN_INT_CONVERSION = YES;
				CLANG_WARN_NON_LITERAL_NULL_CONVERSION = YES;
				CLANG_WARN_OBJC_LITERAL_CONVERSION = YES;
				CLANG_WARN_OBJC_ROOT_CLASS = YES_ERROR;
				CLANG_WARN_RANGE_LOOP_ANALYSIS = YES;
				CLANG_WARN_STRICT_PROTOTYPES = YES;
				CLANG_WARN_SUSPICIOUS_MOVE = YES;
				CLANG_WARN_UNGUARDED_AVAILABILITY = YES_AGGRESSIVE;
				CLANG_WARN_UNREACHABLE_CODE = YES;
				CLANG_WARN__DUPLICATE_METHOD_MATCH = YES;
				CODE_SIGN_IDENTITY = "iPhone Developer";
				COPY_PHASE_STRIP = NO;
				DEBUG_INFORMATION_FORMAT = dwarf;
				ENABLE_STRICT_OBJC_MSGSEND = YES;
				ENABLE_TESTABILITY = YES;
				GCC_C_LANGUAGE_STANDARD = gnu11;
				GCC_DYNAMIC_NO_PIC = NO;
				GCC_NO_COMMON_BLOCKS = YES;
				GCC_OPTIMIZATION_LEVEL = 0;
				GCC_PREPROCESSOR_DEFINITIONS = (
					"DEBUG=1",
					"$(inherited)",
				);
				GCC_WARN_64_TO_32_BIT_CONVERSION = YES;
				GCC_WARN_ABOUT_RETURN_TYPE = YES_ERROR;
				GCC_WARN_UNDECLARED_SELECTOR = YES;
				GCC_WARN_UNINITIALIZED_AUTOS = YES_AGGRESSIVE;
				GCC_WARN_UNUSED_FUNCTION = YES;
				GCC_WARN_UNUSED_VARIABLE = YES;
				IPHONEOS_DEPLOYMENT_TARGET = 11.2;
				MTL_ENABLE_DEBUG_INFO = YES;
				ONLY_ACTIVE_ARCH = YES;
				SDKROOT = iphoneos;
				SWIFT_ACTIVE_COMPILATION_CONDITIONS = DEBUG;
				SWIFT_OPTIMIZATION_LEVEL = "-Onone";
			};
			name = Debug;
		};
		EC57CABA20204DD800540BD1 /* Release */ = {
			isa = XCBuildConfiguration;
			buildSettings = {
				ALWAYS_SEARCH_USER_PATHS = NO;
				CLANG_ANALYZER_NONNULL = YES;
				CLANG_ANALYZER_NUMBER_OBJECT_CONVERSION = YES_AGGRESSIVE;
				CLANG_CXX_LANGUAGE_STANDARD = "gnu++14";
				CLANG_CXX_LIBRARY = "libc++";
				CLANG_ENABLE_MODULES = YES;
				CLANG_ENABLE_OBJC_ARC = YES;
				CLANG_WARN_BLOCK_CAPTURE_AUTORELEASING = YES;
				CLANG_WARN_BOOL_CONVERSION = YES;
				CLANG_WARN_COMMA = YES;
				CLANG_WARN_CONSTANT_CONVERSION = YES;
				CLANG_WARN_DIRECT_OBJC_ISA_USAGE = YES_ERROR;
				CLANG_WARN_DOCUMENTATION_COMMENTS = YES;
				CLANG_WARN_EMPTY_BODY = YES;
				CLANG_WARN_ENUM_CONVERSION = YES;
				CLANG_WARN_INFINITE_RECURSION = YES;
				CLANG_WARN_INT_CONVERSION = YES;
				CLANG_WARN_NON_LITERAL_NULL_CONVERSION = YES;
				CLANG_WARN_OBJC_LITERAL_CONVERSION = YES;
				CLANG_WARN_OBJC_ROOT_CLASS = YES_ERROR;
				CLANG_WARN_RANGE_LOOP_ANALYSIS = YES;
				CLANG_WARN_STRICT_PROTOTYPES = YES;
				CLANG_WARN_SUSPICIOUS_MOVE = YES;
				CLANG_WARN_UNGUARDED_AVAILABILITY = YES_AGGRESSIVE;
				CLANG_WARN_UNREACHABLE_CODE = YES;
				CLANG_WARN__DUPLICATE_METHOD_MATCH = YES;
				CODE_SIGN_IDENTITY = "iPhone Developer";
				COPY_PHASE_STRIP = NO;
				DEBUG_INFORMATION_FORMAT = "dwarf-with-dsym";
				ENABLE_NS_ASSERTIONS = NO;
				ENABLE_STRICT_OBJC_MSGSEND = YES;
				GCC_C_LANGUAGE_STANDARD = gnu11;
				GCC_NO_COMMON_BLOCKS = YES;
				GCC_WARN_64_TO_32_BIT_CONVERSION = YES;
				GCC_WARN_ABOUT_RETURN_TYPE = YES_ERROR;
				GCC_WARN_UNDECLARED_SELECTOR = YES;
				GCC_WARN_UNINITIALIZED_AUTOS = YES_AGGRESSIVE;
				GCC_WARN_UNUSED_FUNCTION = YES;
				GCC_WARN_UNUSED_VARIABLE = YES;
				IPHONEOS_DEPLOYMENT_TARGET = 11.2;
				MTL_ENABLE_DEBUG_INFO = NO;
				SDKROOT = iphoneos;
				SWIFT_OPTIMIZATION_LEVEL = "-Owholemodule";
				VALIDATE_PRODUCT = YES;
			};
			name = Release;
		};
		EC57CABC20204DD800540BD1 /* Debug */ = {
			isa = XCBuildConfiguration;
			buildSettings = {
				ASSETCATALOG_COMPILER_APPICON_NAME = AppIcon;
				CODE_SIGN_STYLE = Automatic;
				INFOPLIST_FILE = VisualEffectView/Info.plist;
				LD_RUNPATH_SEARCH_PATHS = "$(inherited) @executable_path/Frameworks";
				PRODUCT_BUNDLE_IDENTIFIER = com.blurs.VisualEffectView;
				PRODUCT_NAME = "$(TARGET_NAME)";
				SWIFT_VERSION = 4.0;
				TARGETED_DEVICE_FAMILY = "1,2";
			};
			name = Debug;
		};
		EC57CABD20204DD800540BD1 /* Release */ = {
			isa = XCBuildConfiguration;
			buildSettings = {
				ASSETCATALOG_COMPILER_APPICON_NAME = AppIcon;
				CODE_SIGN_STYLE = Automatic;
				INFOPLIST_FILE = VisualEffectView/Info.plist;
				LD_RUNPATH_SEARCH_PATHS = "$(inherited) @executable_path/Frameworks";
				PRODUCT_BUNDLE_IDENTIFIER = com.blurs.VisualEffectView;
				PRODUCT_NAME = "$(TARGET_NAME)";
				SWIFT_VERSION = 4.0;
				TARGETED_DEVICE_FAMILY = "1,2";
			};
			name = Release;
		};
		EC57CABF20204DD800540BD1 /* Debug */ = {
			isa = XCBuildConfiguration;
			buildSettings = {
				ALWAYS_EMBED_SWIFT_STANDARD_LIBRARIES = YES;
				BUNDLE_LOADER = "$(TEST_HOST)";
				CODE_SIGN_STYLE = Automatic;
				INFOPLIST_FILE = VisualEffectViewTests/Info.plist;
				LD_RUNPATH_SEARCH_PATHS = "$(inherited) @executable_path/Frameworks @loader_path/Frameworks";
				PRODUCT_BUNDLE_IDENTIFIER = com.blurs.VisualEffectViewTests;
				PRODUCT_NAME = "$(TARGET_NAME)";
				SWIFT_VERSION = 4.0;
				TARGETED_DEVICE_FAMILY = "1,2";
				TEST_HOST = "$(BUILT_PRODUCTS_DIR)/VisualEffectView.app/VisualEffectView";
			};
			name = Debug;
		};
		EC57CAC020204DD800540BD1 /* Release */ = {
			isa = XCBuildConfiguration;
			buildSettings = {
				ALWAYS_EMBED_SWIFT_STANDARD_LIBRARIES = YES;
				BUNDLE_LOADER = "$(TEST_HOST)";
				CODE_SIGN_STYLE = Automatic;
				INFOPLIST_FILE = VisualEffectViewTests/Info.plist;
				LD_RUNPATH_SEARCH_PATHS = "$(inherited) @executable_path/Frameworks @loader_path/Frameworks";
				PRODUCT_BUNDLE_IDENTIFIER = com.blurs.VisualEffectViewTests;
				PRODUCT_NAME = "$(TARGET_NAME)";
				SWIFT_VERSION = 4.0;
				TARGETED_DEVICE_FAMILY = "1,2";
				TEST_HOST = "$(BUILT_PRODUCTS_DIR)/VisualEffectView.app/VisualEffectView";
			};
			name = Release;
		};
		EC57CAC220204DD800540BD1 /* Debug */ = {
			isa = XCBuildConfiguration;
			buildSettings = {
				ALWAYS_EMBED_SWIFT_STANDARD_LIBRARIES = YES;
				CODE_SIGN_STYLE = Automatic;
				INFOPLIST_FILE = VisualEffectViewUITests/Info.plist;
				LD_RUNPATH_SEARCH_PATHS = "$(inherited) @executable_path/Frameworks @loader_path/Frameworks";
				PRODUCT_BUNDLE_IDENTIFIER = com.blurs.VisualEffectViewUITests;
				PRODUCT_NAME = "$(TARGET_NAME)";
				SWIFT_VERSION = 4.0;
				TARGETED_DEVICE_FAMILY = "1,2";
				TEST_TARGET_NAME = VisualEffectView;
			};
			name = Debug;
		};
		EC57CAC320204DD800540BD1 /* Release */ = {
			isa = XCBuildConfiguration;
			buildSettings = {
				ALWAYS_EMBED_SWIFT_STANDARD_LIBRARIES = YES;
				CODE_SIGN_STYLE = Automatic;
				INFOPLIST_FILE = VisualEffectViewUITests/Info.plist;
				LD_RUNPATH_SEARCH_PATHS = "$(inherited) @executable_path/Frameworks @loader_path/Frameworks";
				PRODUCT_BUNDLE_IDENTIFIER = com.blurs.VisualEffectViewUITests;
				PRODUCT_NAME = "$(TARGET_NAME)";
				SWIFT_VERSION = 4.0;
				TARGETED_DEVICE_FAMILY = "1,2";
				TEST_TARGET_NAME = VisualEffectView;
			};
			name = Release;
		};
/* End XCBuildConfiguration section */

/* Begin XCConfigurationList section */
		EC57CA8E20204DD700540BD1 /* Build configuration list for PBXProject "VisualEffectView" */ = {
			isa = XCConfigurationList;
			buildConfigurations = (
				EC57CAB920204DD800540BD1 /* Debug */,
				EC57CABA20204DD800540BD1 /* Release */,
			);
			defaultConfigurationIsVisible = 0;
			defaultConfigurationName = Release;
		};
		EC57CABB20204DD800540BD1 /* Build configuration list for PBXNativeTarget "VisualEffectView" */ = {
			isa = XCConfigurationList;
			buildConfigurations = (
				EC57CABC20204DD800540BD1 /* Debug */,
				EC57CABD20204DD800540BD1 /* Release */,
			);
			defaultConfigurationIsVisible = 0;
			defaultConfigurationName = Release;
		};
		EC57CABE20204DD800540BD1 /* Build configuration list for PBXNativeTarget "VisualEffectViewTests" */ = {
			isa = XCConfigurationList;
			buildConfigurations = (
				EC57CABF20204DD800540BD1 /* Debug */,
				EC57CAC020204DD800540BD1 /* Release */,
			);
			defaultConfigurationIsVisible = 0;
			defaultConfigurationName = Release;
		};
		EC57CAC120204DD800540BD1 /* Build configuration list for PBXNativeTarget "VisualEffectViewUITests" */ = {
			isa = XCConfigurationList;
			buildConfigurations = (
				EC57CAC220204DD800540BD1 /* Debug */,
				EC57CAC320204DD800540BD1 /* Release */,
			);
			defaultConfigurationIsVisible = 0;
			defaultConfigurationName = Release;
		};
/* End XCConfigurationList section */
	};
	rootObject = EC57CA8B20204DD700540BD1 /* Project object */;
}
